// !$*UTF8*$!
{
	archiveVersion = 1;
	classes = {
	};
	objectVersion = 48;
	objects = {

/* Begin PBXBuildFile section */
		68ADFC892114839100BA89F2 /* NSString+POSErrorHandling.m in Sources */ = {isa = PBXBuildFile; fileRef = 68ADFC882114839100BA89F2 /* NSString+POSErrorHandling.m */; };
		E986A4B520E13590008E71E0 /* POSTrackableEvent.m in Sources */ = {isa = PBXBuildFile; fileRef = E986A4AC20E13590008E71E0 /* POSTrackableEvent.m */; };
		E986A4B620E13590008E71E0 /* NSError+POSErrorHandling.m in Sources */ = {isa = PBXBuildFile; fileRef = E986A4B020E13590008E71E0 /* NSError+POSErrorHandling.m */; };
		E986A4B720E13590008E71E0 /* NSException+POSErrorHandling.m in Sources */ = {isa = PBXBuildFile; fileRef = E986A4B320E13590008E71E0 /* NSException+POSErrorHandling.m */; };
		E986A4BA20E15CDE008E71E0 /* POSTrackableEventBuilder.m in Sources */ = {isa = PBXBuildFile; fileRef = E986A4B920E15CDE008E71E0 /* POSTrackableEventBuilder.m */; };
/* End PBXBuildFile section */

/* Begin PBXCopyFilesBuildPhase section */
		E9166B9620B7494900C35142 /* CopyFiles */ = {
			isa = PBXCopyFilesBuildPhase;
			buildActionMask = 2147483647;
			dstPath = "include/$(PRODUCT_NAME)";
			dstSubfolderSpec = 16;
			files = (
			);
			runOnlyForDeploymentPostprocessing = 0;
		};
/* End PBXCopyFilesBuildPhase section */

/* Begin PBXFileReference section */
		68ADFC8321146CF000BA89F2 /* en */ = {isa = PBXFileReference; lastKnownFileType = text.plist.strings; name = en; path = en.lproj/NSError.strings; sourceTree = "<group>"; };
		68ADFC8521146CFE00BA89F2 /* ru */ = {isa = PBXFileReference; lastKnownFileType = text.plist.strings; name = ru; path = ru.lproj/NSError.strings; sourceTree = "<group>"; };
		68ADFC872114839100BA89F2 /* NSString+POSErrorHandling.h */ = {isa = PBXFileReference; lastKnownFileType = sourcecode.c.h; path = "NSString+POSErrorHandling.h"; sourceTree = "<group>"; };
		68ADFC882114839100BA89F2 /* NSString+POSErrorHandling.m */ = {isa = PBXFileReference; lastKnownFileType = sourcecode.c.objc; path = "NSString+POSErrorHandling.m"; sourceTree = "<group>"; };
		E9166B9820B7494900C35142 /* libPOSErrorHandling.a */ = {isa = PBXFileReference; explicitFileType = archive.ar; includeInIndex = 0; path = libPOSErrorHandling.a; sourceTree = BUILT_PRODUCTS_DIR; };
		E9166BA820B74A1300C35142 /* POSErrorHandling.h */ = {isa = PBXFileReference; fileEncoding = 4; lastKnownFileType = sourcecode.c.h; path = POSErrorHandling.h; sourceTree = "<group>"; };
		E986A4AB20E13590008E71E0 /* NSError+POSErrorHandling.h */ = {isa = PBXFileReference; fileEncoding = 4; lastKnownFileType = sourcecode.c.h; path = "NSError+POSErrorHandling.h"; sourceTree = "<group>"; };
		E986A4AC20E13590008E71E0 /* POSTrackableEvent.m */ = {isa = PBXFileReference; fileEncoding = 4; lastKnownFileType = sourcecode.c.objc; path = POSTrackableEvent.m; sourceTree = "<group>"; };
		E986A4AE20E13590008E71E0 /* POSTrackable.h */ = {isa = PBXFileReference; fileEncoding = 4; lastKnownFileType = sourcecode.c.h; path = POSTrackable.h; sourceTree = "<group>"; };
		E986A4AF20E13590008E71E0 /* POSTrackableEvent.h */ = {isa = PBXFileReference; fileEncoding = 4; lastKnownFileType = sourcecode.c.h; path = POSTrackableEvent.h; sourceTree = "<group>"; };
		E986A4B020E13590008E71E0 /* NSError+POSErrorHandling.m */ = {isa = PBXFileReference; fileEncoding = 4; lastKnownFileType = sourcecode.c.objc; path = "NSError+POSErrorHandling.m"; sourceTree = "<group>"; };
		E986A4B220E13590008E71E0 /* NSException+POSErrorHandling.h */ = {isa = PBXFileReference; fileEncoding = 4; lastKnownFileType = sourcecode.c.h; path = "NSException+POSErrorHandling.h"; sourceTree = "<group>"; };
		E986A4B320E13590008E71E0 /* NSException+POSErrorHandling.m */ = {isa = PBXFileReference; fileEncoding = 4; lastKnownFileType = sourcecode.c.objc; path = "NSException+POSErrorHandling.m"; sourceTree = "<group>"; };
		E986A4B420E13590008E71E0 /* POSContracts.h */ = {isa = PBXFileReference; fileEncoding = 4; lastKnownFileType = sourcecode.c.h; path = POSContracts.h; sourceTree = "<group>"; };
		E986A4B820E15CDE008E71E0 /* POSTrackableEventBuilder.h */ = {isa = PBXFileReference; lastKnownFileType = sourcecode.c.h; path = POSTrackableEventBuilder.h; sourceTree = "<group>"; };
		E986A4B920E15CDE008E71E0 /* POSTrackableEventBuilder.m */ = {isa = PBXFileReference; lastKnownFileType = sourcecode.c.objc; path = POSTrackableEventBuilder.m; sourceTree = "<group>"; };
/* End PBXFileReference section */

/* Begin PBXFrameworksBuildPhase section */
		E9166B9520B7494900C35142 /* Frameworks */ = {
			isa = PBXFrameworksBuildPhase;
			buildActionMask = 2147483647;
			files = (
			);
			runOnlyForDeploymentPostprocessing = 0;
		};
/* End PBXFrameworksBuildPhase section */

/* Begin PBXGroup section */
		68ADFC8021146C6000BA89F2 /* Resources */ = {
			isa = PBXGroup;
			children = (
				68ADFC8421146CF000BA89F2 /* NSError.strings */,
			);
			path = Resources;
			sourceTree = "<group>";
		};
		68ADFC8621147D8100BA89F2 /* Localization */ = {
			isa = PBXGroup;
			children = (
				68ADFC872114839100BA89F2 /* NSString+POSErrorHandling.h */,
				68ADFC882114839100BA89F2 /* NSString+POSErrorHandling.m */,
			);
			path = Localization;
			sourceTree = "<group>";
		};
		E9166B8F20B7494900C35142 = {
			isa = PBXGroup;
			children = (
				E9166BA420B74A1300C35142 /* Classes */,
				68ADFC8021146C6000BA89F2 /* Resources */,
				E9166B9920B7494900C35142 /* Products */,
			);
			sourceTree = "<group>";
		};
		E9166B9920B7494900C35142 /* Products */ = {
			isa = PBXGroup;
			children = (
				E9166B9820B7494900C35142 /* libPOSErrorHandling.a */,
			);
			name = Products;
			sourceTree = "<group>";
		};
		E9166BA420B74A1300C35142 /* Classes */ = {
			isa = PBXGroup;
			children = (
				E986A4B120E13590008E71E0 /* Contracts */,
				E986A4AA20E13590008E71E0 /* Tracking */,
				68ADFC8621147D8100BA89F2 /* Localization */,
				E9166BA820B74A1300C35142 /* POSErrorHandling.h */,
			);
			path = Classes;
			sourceTree = "<group>";
		};
		E986A4AA20E13590008E71E0 /* Tracking */ = {
			isa = PBXGroup;
			children = (
				E986A4AE20E13590008E71E0 /* POSTrackable.h */,
				E986A4AF20E13590008E71E0 /* POSTrackableEvent.h */,
				E986A4AC20E13590008E71E0 /* POSTrackableEvent.m */,
				E986A4B820E15CDE008E71E0 /* POSTrackableEventBuilder.h */,
				E986A4B920E15CDE008E71E0 /* POSTrackableEventBuilder.m */,
				E986A4AB20E13590008E71E0 /* NSError+POSErrorHandling.h */,
				E986A4B020E13590008E71E0 /* NSError+POSErrorHandling.m */,
			);
			path = Tracking;
			sourceTree = "<group>";
		};
		E986A4B120E13590008E71E0 /* Contracts */ = {
			isa = PBXGroup;
			children = (
				E986A4B420E13590008E71E0 /* POSContracts.h */,
				E986A4B220E13590008E71E0 /* NSException+POSErrorHandling.h */,
				E986A4B320E13590008E71E0 /* NSException+POSErrorHandling.m */,
			);
			path = Contracts;
			sourceTree = "<group>";
		};
/* End PBXGroup section */

/* Begin PBXNativeTarget section */
		E9166B9720B7494900C35142 /* POSErrorHandling */ = {
			isa = PBXNativeTarget;
			buildConfigurationList = E9166BA120B7494900C35142 /* Build configuration list for PBXNativeTarget "POSErrorHandling" */;
			buildPhases = (
				E9166B9420B7494900C35142 /* Sources */,
				E9166B9520B7494900C35142 /* Frameworks */,
				E9166B9620B7494900C35142 /* CopyFiles */,
			);
			buildRules = (
			);
			dependencies = (
			);
			name = POSErrorHandling;
			productName = POSErrorHandling;
			productReference = E9166B9820B7494900C35142 /* libPOSErrorHandling.a */;
			productType = "com.apple.product-type.library.static";
		};
/* End PBXNativeTarget section */

/* Begin PBXProject section */
		E9166B9020B7494900C35142 /* Project object */ = {
			isa = PBXProject;
			attributes = {
				LastUpgradeCheck = 0940;
				ORGANIZATIONNAME = "Pavel Osipov";
				TargetAttributes = {
					E9166B9720B7494900C35142 = {
						CreatedOnToolsVersion = 9.2;
						ProvisioningStyle = Automatic;
					};
				};
			};
			buildConfigurationList = E9166B9320B7494900C35142 /* Build configuration list for PBXProject "POSErrorHandling" */;
			compatibilityVersion = "Xcode 8.0";
			developmentRegion = en;
			hasScannedForEncodings = 0;
			knownRegions = (
				en,
				ru,
			);
			mainGroup = E9166B8F20B7494900C35142;
			productRefGroup = E9166B9920B7494900C35142 /* Products */;
			projectDirPath = "";
			projectRoot = "";
			targets = (
				E9166B9720B7494900C35142 /* POSErrorHandling */,
			);
		};
/* End PBXProject section */

/* Begin PBXSourcesBuildPhase section */
		E9166B9420B7494900C35142 /* Sources */ = {
			isa = PBXSourcesBuildPhase;
			buildActionMask = 2147483647;
			files = (
				E986A4B620E13590008E71E0 /* NSError+POSErrorHandling.m in Sources */,
				E986A4BA20E15CDE008E71E0 /* POSTrackableEventBuilder.m in Sources */,
				68ADFC892114839100BA89F2 /* NSString+POSErrorHandling.m in Sources */,
				E986A4B720E13590008E71E0 /* NSException+POSErrorHandling.m in Sources */,
				E986A4B520E13590008E71E0 /* POSTrackableEvent.m in Sources */,
			);
			runOnlyForDeploymentPostprocessing = 0;
		};
/* End PBXSourcesBuildPhase section */

/* Begin PBXVariantGroup section */
		68ADFC8421146CF000BA89F2 /* NSError.strings */ = {
			isa = PBXVariantGroup;
			children = (
				68ADFC8321146CF000BA89F2 /* en */,
				68ADFC8521146CFE00BA89F2 /* ru */,
			);
			name = NSError.strings;
			sourceTree = "<group>";
		};
/* End PBXVariantGroup section */

/* Begin XCBuildConfiguration section */
		E9166B9F20B7494900C35142 /* Debug */ = {
			isa = XCBuildConfiguration;
			buildSettings = {
				ALWAYS_SEARCH_USER_PATHS = NO;
				CLANG_ANALYZER_LOCALIZABILITY_NONLOCALIZED = YES;
				CLANG_ANALYZER_NONNULL = YES;
				CLANG_ANALYZER_NUMBER_OBJECT_CONVERSION = YES_AGGRESSIVE;
				CLANG_CXX_LANGUAGE_STANDARD = "gnu++14";
				CLANG_CXX_LIBRARY = "libc++";
				CLANG_ENABLE_MODULES = YES;
				CLANG_ENABLE_OBJC_ARC = YES;
				CLANG_WARN_BLOCK_CAPTURE_AUTORELEASING = YES;
				CLANG_WARN_BOOL_CONVERSION = YES;
				CLANG_WARN_COMMA = YES;
				CLANG_WARN_CONSTANT_CONVERSION = YES;
				CLANG_WARN_DEPRECATED_OBJC_IMPLEMENTATIONS = YES;
				CLANG_WARN_DIRECT_OBJC_ISA_USAGE = YES_ERROR;
				CLANG_WARN_DOCUMENTATION_COMMENTS = YES;
				CLANG_WARN_EMPTY_BODY = YES;
				CLANG_WARN_ENUM_CONVERSION = YES;
				CLANG_WARN_INFINITE_RECURSION = YES;
				CLANG_WARN_INT_CONVERSION = YES;
				CLANG_WARN_NON_LITERAL_NULL_CONVERSION = YES;
				CLANG_WARN_OBJC_IMPLICIT_RETAIN_SELF = YES;
				CLANG_WARN_OBJC_LITERAL_CONVERSION = YES;
				CLANG_WARN_OBJC_ROOT_CLASS = YES_ERROR;
				CLANG_WARN_RANGE_LOOP_ANALYSIS = YES;
				CLANG_WARN_STRICT_PROTOTYPES = YES;
				CLANG_WARN_SUSPICIOUS_MOVE = YES;
				CLANG_WARN_UNGUARDED_AVAILABILITY = YES_AGGRESSIVE;
				CLANG_WARN_UNREACHABLE_CODE = YES;
				CLANG_WARN__DUPLICATE_METHOD_MATCH = YES;
				CODE_SIGN_IDENTITY = "iPhone Developer";
				COPY_PHASE_STRIP = NO;
				DEBUG_INFORMATION_FORMAT = dwarf;
				ENABLE_STRICT_OBJC_MSGSEND = YES;
				ENABLE_TESTABILITY = YES;
				GCC_C_LANGUAGE_STANDARD = gnu11;
				GCC_DYNAMIC_NO_PIC = NO;
				GCC_NO_COMMON_BLOCKS = YES;
				GCC_OPTIMIZATION_LEVEL = 0;
				GCC_PREPROCESSOR_DEFINITIONS = (
					"DEBUG=1",
					"$(inherited)",
				);
				GCC_WARN_64_TO_32_BIT_CONVERSION = YES;
				GCC_WARN_ABOUT_RETURN_TYPE = YES_ERROR;
				GCC_WARN_UNDECLARED_SELECTOR = YES;
				GCC_WARN_UNINITIALIZED_AUTOS = YES_AGGRESSIVE;
				GCC_WARN_UNUSED_FUNCTION = YES;
				GCC_WARN_UNUSED_VARIABLE = YES;
				IPHONEOS_DEPLOYMENT_TARGET = 11.2;
				MTL_ENABLE_DEBUG_INFO = YES;
				ONLY_ACTIVE_ARCH = YES;
				SDKROOT = iphoneos;
			};
			name = Debug;
		};
		E9166BA020B7494900C35142 /* Release */ = {
			isa = XCBuildConfiguration;
			buildSettings = {
				ALWAYS_SEARCH_USER_PATHS = NO;
				CLANG_ANALYZER_LOCALIZABILITY_NONLOCALIZED = YES;
				CLANG_ANALYZER_NONNULL = YES;
				CLANG_ANALYZER_NUMBER_OBJECT_CONVERSION = YES_AGGRESSIVE;
				CLANG_CXX_LANGUAGE_STANDARD = "gnu++14";
				CLANG_CXX_LIBRARY = "libc++";
				CLANG_ENABLE_MODULES = YES;
				CLANG_ENABLE_OBJC_ARC = YES;
				CLANG_WARN_BLOCK_CAPTURE_AUTORELEASING = YES;
				CLANG_WARN_BOOL_CONVERSION = YES;
				CLANG_WARN_COMMA = YES;
				CLANG_WARN_CONSTANT_CONVERSION = YES;
				CLANG_WARN_DEPRECATED_OBJC_IMPLEMENTATIONS = YES;
				CLANG_WARN_DIRECT_OBJC_ISA_USAGE = YES_ERROR;
				CLANG_WARN_DOCUMENTATION_COMMENTS = YES;
				CLANG_WARN_EMPTY_BODY = YES;
				CLANG_WARN_ENUM_CONVERSION = YES;
				CLANG_WARN_INFINITE_RECURSION = YES;
				CLANG_WARN_INT_CONVERSION = YES;
				CLANG_WARN_NON_LITERAL_NULL_CONVERSION = YES;
				CLANG_WARN_OBJC_IMPLICIT_RETAIN_SELF = YES;
				CLANG_WARN_OBJC_LITERAL_CONVERSION = YES;
				CLANG_WARN_OBJC_ROOT_CLASS = YES_ERROR;
				CLANG_WARN_RANGE_LOOP_ANALYSIS = YES;
				CLANG_WARN_STRICT_PROTOTYPES = YES;
				CLANG_WARN_SUSPICIOUS_MOVE = YES;
				CLANG_WARN_UNGUARDED_AVAILABILITY = YES_AGGRESSIVE;
				CLANG_WARN_UNREACHABLE_CODE = YES;
				CLANG_WARN__DUPLICATE_METHOD_MATCH = YES;
				CODE_SIGN_IDENTITY = "iPhone Developer";
				COPY_PHASE_STRIP = NO;
				DEBUG_INFORMATION_FORMAT = "dwarf-with-dsym";
				ENABLE_NS_ASSERTIONS = NO;
				ENABLE_STRICT_OBJC_MSGSEND = YES;
				GCC_C_LANGUAGE_STANDARD = gnu11;
				GCC_NO_COMMON_BLOCKS = YES;
				GCC_WARN_64_TO_32_BIT_CONVERSION = YES;
				GCC_WARN_ABOUT_RETURN_TYPE = YES_ERROR;
				GCC_WARN_UNDECLARED_SELECTOR = YES;
				GCC_WARN_UNINITIALIZED_AUTOS = YES_AGGRESSIVE;
				GCC_WARN_UNUSED_FUNCTION = YES;
				GCC_WARN_UNUSED_VARIABLE = YES;
				IPHONEOS_DEPLOYMENT_TARGET = 11.2;
				MTL_ENABLE_DEBUG_INFO = NO;
				SDKROOT = iphoneos;
				VALIDATE_PRODUCT = YES;
			};
			name = Release;
		};
		E9166BA220B7494900C35142 /* Debug */ = {
			isa = XCBuildConfiguration;
			buildSettings = {
				CODE_SIGN_STYLE = Automatic;
				DEVELOPMENT_TEAM = 9KQ66ZZZW7;
				OTHER_LDFLAGS = "-ObjC";
				PRODUCT_NAME = "$(TARGET_NAME)";
				SKIP_INSTALL = YES;
				TARGETED_DEVICE_FAMILY = "1,2";
			};
			name = Debug;
		};
		E9166BA320B7494900C35142 /* Release */ = {
			isa = XCBuildConfiguration;
			buildSettings = {
				CODE_SIGN_STYLE = Automatic;
				DEVELOPMENT_TEAM = 9KQ66ZZZW7;
				OTHER_LDFLAGS = "-ObjC";
				PRODUCT_NAME = "$(TARGET_NAME)";
				SKIP_INSTALL = YES;
				TARGETED_DEVICE_FAMILY = "1,2";
			};
			name = Release;
		};
/* End XCBuildConfiguration section */

/* Begin XCConfigurationList section */
		E9166B9320B7494900C35142 /* Build configuration list for PBXProject "POSErrorHandling" */ = {
			isa = XCConfigurationList;
			buildConfigurations = (
				E9166B9F20B7494900C35142 /* Debug */,
				E9166BA020B7494900C35142 /* Release */,
			);
			defaultConfigurationIsVisible = 0;
			defaultConfigurationName = Release;
		};
		E9166BA120B7494900C35142 /* Build configuration list for PBXNativeTarget "POSErrorHandling" */ = {
			isa = XCConfigurationList;
			buildConfigurations = (
				E9166BA220B7494900C35142 /* Debug */,
				E9166BA320B7494900C35142 /* Release */,
			);
			defaultConfigurationIsVisible = 0;
			defaultConfigurationName = Release;
		};
/* End XCConfigurationList section */
	};
	rootObject = E9166B9020B7494900C35142 /* Project object */;
}
